<Solution>
  <Folder Name="/samples/">
    <Project Path="AgentFramework.Demo/AgentFramework.Demo.csproj" />
    <Project Path="MCPServer.Client.Sample/MCPServer.Client.Sample.csproj" Id="c7c78afb-190a-4e94-81d8-fef730af6b49" />
    <Project Path="MCPServer.Sample/MCPServer.Sample.csproj" Id="9b43573f-3128-4266-9e9c-f2a370503e9e" />
  </Folder>
  <Folder Name="/Solution Items/">
    <File Path="Demo.jpeg" />
    <File Path="README.md" />
  </Folder>
  <Folder Name="/src/">
    <Project Path="Intellectus.AIAgent.Framework/Intellectus.AIAgent.Framework.csproj" />
    <Project Path="Intellectus.AIAgent.MCPServer.Client/Intellectus.AIAgent.MCPServer.Client.csproj" Id="d9853495-2e57-4fbc-a282-3ea99c696215" />
    <Project Path="Intellectus.AIAgent.MCPServer/Intellectus.AIAgent.MCPServer.csproj" Id="f96d1bcd-1f01-47b3-ade7-37a2c3a85693" />
  </Folder>
  <Folder Name="/tests/">
    <Project Path="AIAgentFrameworkTests/AIAgentFrameworkTests.csproj" Id="2f83efff-561d-4ad4-ab3c-3eed919391fb" />
  </Folder>
</Solution>
